{
  "name": "security",
  "version": "1.0.0",
  "lockfileVersion": 2,
  "requires": true,
  "packages": {
    "": {
      "name": "security",
      "version": "1.0.0",
      "license": "ISC",
      "dependencies": {
        "xss-filters": "^1.2.7"
      }
    },
    "node_modules/xss-filters": {
      "version": "1.2.7",
      "resolved": "https://registry.npmjs.org/xss-filters/-/xss-filters-1.2.7.tgz",
      "integrity": "sha512-KzcmYT/f+YzcYrYRqw6mXxd25BEZCxBQnf+uXTopQDIhrmiaLwO+f+yLsIvvNlPhYvgff8g3igqrBxYh9k8NbQ=="
    }
  },
  "dependencies": {
    "xss-filters": {
      "version": "1.2.7",
      "resolved": "https://registry.npmjs.org/xss-filters/-/xss-filters-1.2.7.tgz",
      "integrity": "sha512-KzcmYT/f+YzcYrYRqw6mXxd25BEZCxBQnf+uXTopQDIhrmiaLwO+f+yLsIvvNlPhYvgff8g3igqrBxYh9k8NbQ=="
    }
  }
}
